
Microsoft Visual Studio Solution File, Format Version 12.00
# Visual Studio Version 16
VisualStudioVersion = 16.0.31727.386
MinimumVisualStudioVersion = 10.0.40219.1
Project("{FAE04EC0-301F-11D3-BF4B-00C04F79EFBC}") = "Hesap_Makinesi", "Hesap_Makinesi\Hesap_Makinesi.csproj", "{F1D08C78-08C3-4ECF-9E8B-EFD910726AB2}"
EndProject
Global
	GlobalSection(SolutionConfigurationPlatforms) = preSolution
		Debug|Any CPU = Debug|Any CPU
		Release|Any CPU = Release|Any CPU
	EndGlobalSection
	GlobalSection(ProjectConfigurationPlatforms) = postSolution
		{F1D08C78-08C3-4ECF-9E8B-EFD910726AB2}.Debug|Any CPU.ActiveCfg = Debug|Any CPU
		{F1D08C78-08C3-4ECF-9E8B-EFD910726AB2}.Debug|Any CPU.Build.0 = Debug|Any CPU
		{F1D08C78-08C3-4ECF-9E8B-EFD910726AB2}.Release|Any CPU.ActiveCfg = Release|Any CPU
		{F1D08C78-08C3-4ECF-9E8B-EFD910726AB2}.Release|Any CPU.Build.0 = Release|Any CPU
	EndGlobalSection
	GlobalSection(SolutionProperties) = preSolution
		HideSolutionNode = FALSE
	EndGlobalSection
	GlobalSection(ExtensibilityGlobals) = postSolution
		SolutionGuid = {E12D4BE4-02BC-4DF1-B111-735E507849E2}
	EndGlobalSection
EndGlobal
